
Microsoft Visual Studio Solution File, Format Version 12.00
# Visual Studio Version 17
VisualStudioVersion = 17.10.34902.84
MinimumVisualStudioVersion = 10.0.40219.1
Project("{9A19103F-16F7-4668-BE54-9A1E7A4F7556}") = "02. JobFinder.Api", "JobFinder.Api\02. JobFinder.Api.csproj", "{331BE74C-58FE-43E7-88E2-3D5C1C6588AB}"
EndProject
Project("{FAE04EC0-301F-11D3-BF4B-00C04F79EFBC}") = "03. JobFinder.ConsoleApp", "JobFinder.ConsoleApp\03. JobFinder.ConsoleApp.csproj", "{3B3E6E5C-0A09-473D-8B29-8004ADCFA1CA}"
EndProject
Project("{FAE04EC0-301F-11D3-BF4B-00C04F79EFBC}") = "01. JobFinder.Domain", "JobFinder.Domain\01. JobFinder.Domain.csproj", "{2088E07F-619F-4B26-AB2A-934A13498A47}"
EndProject
Global
	GlobalSection(SolutionConfigurationPlatforms) = preSolution
		Debug|Any CPU = Debug|Any CPU
		Release|Any CPU = Release|Any CPU
	EndGlobalSection
	GlobalSection(ProjectConfigurationPlatforms) = postSolution
		{331BE74C-58FE-43E7-88E2-3D5C1C6588AB}.Debug|Any CPU.ActiveCfg = Debug|Any CPU
		{331BE74C-58FE-43E7-88E2-3D5C1C6588AB}.Debug|Any CPU.Build.0 = Debug|Any CPU
		{331BE74C-58FE-43E7-88E2-3D5C1C6588AB}.Release|Any CPU.ActiveCfg = Release|Any CPU
		{331BE74C-58FE-43E7-88E2-3D5C1C6588AB}.Release|Any CPU.Build.0 = Release|Any CPU
		{3B3E6E5C-0A09-473D-8B29-8004ADCFA1CA}.Debug|Any CPU.ActiveCfg = Debug|Any CPU
		{3B3E6E5C-0A09-473D-8B29-8004ADCFA1CA}.Debug|Any CPU.Build.0 = Debug|Any CPU
		{3B3E6E5C-0A09-473D-8B29-8004ADCFA1CA}.Release|Any CPU.ActiveCfg = Release|Any CPU
		{3B3E6E5C-0A09-473D-8B29-8004ADCFA1CA}.Release|Any CPU.Build.0 = Release|Any CPU
		{2088E07F-619F-4B26-AB2A-934A13498A47}.Debug|Any CPU.ActiveCfg = Debug|Any CPU
		{2088E07F-619F-4B26-AB2A-934A13498A47}.Debug|Any CPU.Build.0 = Debug|Any CPU
		{2088E07F-619F-4B26-AB2A-934A13498A47}.Release|Any CPU.ActiveCfg = Release|Any CPU
		{2088E07F-619F-4B26-AB2A-934A13498A47}.Release|Any CPU.Build.0 = Release|Any CPU
	EndGlobalSection
	GlobalSection(SolutionProperties) = preSolution
		HideSolutionNode = FALSE
	EndGlobalSection
	GlobalSection(ExtensibilityGlobals) = postSolution
		SolutionGuid = {8CE27E77-9425-4039-A341-EE667FAF487A}
	EndGlobalSection
EndGlobal
